
Microsoft Visual Studio Solution File, Format Version 12.00
# Visual Studio 2013
VisualStudioVersion = 12.0.31101.0
MinimumVisualStudioVersion = 10.0.40219.1
Project("{FAE04EC0-301F-11D3-BF4B-00C04F79EFBC}") = "ConsoleApplication1", "ConsoleApplication1\ConsoleApplication1.csproj", "{E1EF856C-6C9E-4628-8271-DE7B2E509266}"
EndProject
Project("{FAE04EC0-301F-11D3-BF4B-00C04F79EFBC}") = "CsvReader", "CsvReader\CsvReader\CsvReader.csproj", "{807BA57D-823C-4C93-BB49-DCF2D3829D2A}"
EndProject
Project("{FAE04EC0-301F-11D3-BF4B-00C04F79EFBC}") = "CurrencyGetter", "CurrencyGetter\CurrencyGetter\CurrencyGetter.csproj", "{C5BDF281-A93E-4348-B9C6-578DA597AA6B}"
EndProject
Project("{FAE04EC0-301F-11D3-BF4B-00C04F79EFBC}") = "PriceParser", "PriceParser\PriceParser\PriceParser.csproj", "{ECEF72D0-EA12-4B4E-829F-514BA9A6ADC2}"
EndProject
Project("{FAE04EC0-301F-11D3-BF4B-00C04F79EFBC}") = "RitOptMarket", "RitOptMarket\RitOptMarket\RitOptMarket.csproj", "{BAE194AB-CBDF-48AB-9CB9-B6F64F9279CF}"
EndProject
Project("{FAE04EC0-301F-11D3-BF4B-00C04F79EFBC}") = "TestRestService", "TestRestService\TestRestService.csproj", "{9AB59AAD-EA94-4A85-AF29-601D908D25FD}"
EndProject
Project("{FAE04EC0-301F-11D3-BF4B-00C04F79EFBC}") = "WeatherParser", "WeatherParser\WeatherParser\WeatherParser.csproj", "{D055AAAD-7E46-45AF-825B-254A1BBC5474}"
EndProject
Global
	GlobalSection(SolutionConfigurationPlatforms) = preSolution
		Debug|Any CPU = Debug|Any CPU
		Release|Any CPU = Release|Any CPU
	EndGlobalSection
	GlobalSection(ProjectConfigurationPlatforms) = postSolution
		{E1EF856C-6C9E-4628-8271-DE7B2E509266}.Debug|Any CPU.ActiveCfg = Debug|Any CPU
		{E1EF856C-6C9E-4628-8271-DE7B2E509266}.Debug|Any CPU.Build.0 = Debug|Any CPU
		{E1EF856C-6C9E-4628-8271-DE7B2E509266}.Release|Any CPU.ActiveCfg = Release|Any CPU
		{E1EF856C-6C9E-4628-8271-DE7B2E509266}.Release|Any CPU.Build.0 = Release|Any CPU
		{807BA57D-823C-4C93-BB49-DCF2D3829D2A}.Debug|Any CPU.ActiveCfg = Debug|Any CPU
		{807BA57D-823C-4C93-BB49-DCF2D3829D2A}.Debug|Any CPU.Build.0 = Debug|Any CPU
		{807BA57D-823C-4C93-BB49-DCF2D3829D2A}.Release|Any CPU.ActiveCfg = Release|Any CPU
		{807BA57D-823C-4C93-BB49-DCF2D3829D2A}.Release|Any CPU.Build.0 = Release|Any CPU
		{C5BDF281-A93E-4348-B9C6-578DA597AA6B}.Debug|Any CPU.ActiveCfg = Debug|Any CPU
		{C5BDF281-A93E-4348-B9C6-578DA597AA6B}.Debug|Any CPU.Build.0 = Debug|Any CPU
		{C5BDF281-A93E-4348-B9C6-578DA597AA6B}.Release|Any CPU.ActiveCfg = Release|Any CPU
		{C5BDF281-A93E-4348-B9C6-578DA597AA6B}.Release|Any CPU.Build.0 = Release|Any CPU
		{ECEF72D0-EA12-4B4E-829F-514BA9A6ADC2}.Debug|Any CPU.ActiveCfg = Debug|Any CPU
		{ECEF72D0-EA12-4B4E-829F-514BA9A6ADC2}.Debug|Any CPU.Build.0 = Debug|Any CPU
		{ECEF72D0-EA12-4B4E-829F-514BA9A6ADC2}.Release|Any CPU.ActiveCfg = Release|Any CPU
		{ECEF72D0-EA12-4B4E-829F-514BA9A6ADC2}.Release|Any CPU.Build.0 = Release|Any CPU
		{BAE194AB-CBDF-48AB-9CB9-B6F64F9279CF}.Debug|Any CPU.ActiveCfg = Debug|Any CPU
		{BAE194AB-CBDF-48AB-9CB9-B6F64F9279CF}.Debug|Any CPU.Build.0 = Debug|Any CPU
		{BAE194AB-CBDF-48AB-9CB9-B6F64F9279CF}.Release|Any CPU.ActiveCfg = Release|Any CPU
		{BAE194AB-CBDF-48AB-9CB9-B6F64F9279CF}.Release|Any CPU.Build.0 = Release|Any CPU
		{9AB59AAD-EA94-4A85-AF29-601D908D25FD}.Debug|Any CPU.ActiveCfg = Debug|Any CPU
		{9AB59AAD-EA94-4A85-AF29-601D908D25FD}.Debug|Any CPU.Build.0 = Debug|Any CPU
		{9AB59AAD-EA94-4A85-AF29-601D908D25FD}.Release|Any CPU.ActiveCfg = Release|Any CPU
		{9AB59AAD-EA94-4A85-AF29-601D908D25FD}.Release|Any CPU.Build.0 = Release|Any CPU
		{D055AAAD-7E46-45AF-825B-254A1BBC5474}.Debug|Any CPU.ActiveCfg = Debug|Any CPU
		{D055AAAD-7E46-45AF-825B-254A1BBC5474}.Debug|Any CPU.Build.0 = Debug|Any CPU
		{D055AAAD-7E46-45AF-825B-254A1BBC5474}.Release|Any CPU.ActiveCfg = Release|Any CPU
		{D055AAAD-7E46-45AF-825B-254A1BBC5474}.Release|Any CPU.Build.0 = Release|Any CPU
	EndGlobalSection
	GlobalSection(SolutionProperties) = preSolution
		HideSolutionNode = FALSE
	EndGlobalSection
EndGlobal
